// !$*UTF8*$!
{
	archiveVersion = 1;
	classes = {
	};
	objectVersion = 46;
	objects = {

/* Begin PBXBuildFile section */
		7226736C1999449F0024DC38 /* Alamofire.swift in Sources */ = {isa = PBXBuildFile; fileRef = 7226736B1999449F0024DC38 /* Alamofire.swift */; };
		722BCC5019998591002990E1 /* Images.xcassets in Resources */ = {isa = PBXBuildFile; fileRef = 722BCC4F19998591002990E1 /* Images.xcassets */; };
		72461087199AFEC200E47F71 /* Playlist.swift in Sources */ = {isa = PBXBuildFile; fileRef = 72461086199AFEC200E47F71 /* Playlist.swift */; };
		726EA862199ACFEB00B5AE70 /* Play.swift in Sources */ = {isa = PBXBuildFile; fileRef = 726EA861199ACFEB00B5AE70 /* Play.swift */; };
		727457CE199BC43300058D1F /* menu@2x.png in Resources */ = {isa = PBXBuildFile; fileRef = 727457CC199BC43300058D1F /* menu@2x.png */; };
		727457CF199BC43300058D1F /* menu.png in Resources */ = {isa = PBXBuildFile; fileRef = 727457CD199BC43300058D1F /* menu.png */; };
		727457D2199BC62000058D1F /* Play@2x.png in Resources */ = {isa = PBXBuildFile; fileRef = 727457D0199BC61F00058D1F /* Play@2x.png */; };
		727457D3199BC62000058D1F /* Play.png in Resources */ = {isa = PBXBuildFile; fileRef = 727457D1199BC61F00058D1F /* Play.png */; };
		72F3AE6419996E12009FF728 /* Home.swift in Sources */ = {isa = PBXBuildFile; fileRef = 72F3AE6319996E12009FF728 /* Home.swift */; };
		810A92B017730AD800F55DFD /* OpenSans-Light.ttf in Resources */ = {isa = PBXBuildFile; fileRef = 810A92AE17730AD800F55DFD /* OpenSans-Light.ttf */; };
		810A92B117730AD800F55DFD /* OpenSans-Regular.ttf in Resources */ = {isa = PBXBuildFile; fileRef = 810A92AF17730AD800F55DFD /* OpenSans-Regular.ttf */; };
		8118B0B91769C50100ACE923 /* Topic_Template.html in Resources */ = {isa = PBXBuildFile; fileRef = 8118B0B81769C50100ACE923 /* Topic_Template.html */; };
		812F06FF177846A700111FAB /* Disclosure-Indicator@2x.png in Resources */ = {isa = PBXBuildFile; fileRef = 812F06FE177846A700111FAB /* Disclosure-Indicator@2x.png */; };
		812F07011778526200111FAB /* Disclosure-Indicator-Highlighted@2x.png in Resources */ = {isa = PBXBuildFile; fileRef = 812F07001778526200111FAB /* Disclosure-Indicator-Highlighted@2x.png */; };
		812F070417785F2A00111FAB /* TCSearchSuggestionCell.m in Sources */ = {isa = PBXBuildFile; fileRef = 812F070317785F2A00111FAB /* TCSearchSuggestionCell.m */; };
		812F070A177862A900111FAB /* Disclosure-Indicator-Highlighted.png in Resources */ = {isa = PBXBuildFile; fileRef = 812F0708177862A900111FAB /* Disclosure-Indicator-Highlighted.png */; };
		812F070B177862A900111FAB /* Disclosure-Indicator.png in Resources */ = {isa = PBXBuildFile; fileRef = 812F0709177862A900111FAB /* Disclosure-Indicator.png */; };
		81354D7017718FEF001D8BC1 /* TCFreebaseSearch.m in Sources */ = {isa = PBXBuildFile; fileRef = 81354D6F17718FEF001D8BC1 /* TCFreebaseSearch.m */; };
		813BE3451776D94800F6A177 /* SearchFieldBackground.png in Resources */ = {isa = PBXBuildFile; fileRef = 813BE3441776D94800F6A177 /* SearchFieldBackground.png */; };
		815951B017686C9E001D1556 /* UIKit.framework in Frameworks */ = {isa = PBXBuildFile; fileRef = 815951AF17686C9E001D1556 /* UIKit.framework */; };
		815951B217686C9E001D1556 /* Foundation.framework in Frameworks */ = {isa = PBXBuildFile; fileRef = 815951B117686C9E001D1556 /* Foundation.framework */; };
		815951B417686C9E001D1556 /* CoreGraphics.framework in Frameworks */ = {isa = PBXBuildFile; fileRef = 815951B317686C9E001D1556 /* CoreGraphics.framework */; };
		815951BA17686C9E001D1556 /* InfoPlist.strings in Resources */ = {isa = PBXBuildFile; fileRef = 815951B817686C9E001D1556 /* InfoPlist.strings */; };
		815951BC17686C9E001D1556 /* main.m in Sources */ = {isa = PBXBuildFile; fileRef = 815951BB17686C9E001D1556 /* main.m */; };
		815951C017686C9E001D1556 /* TCAppDelegate.m in Sources */ = {isa = PBXBuildFile; fileRef = 815951BF17686C9E001D1556 /* TCAppDelegate.m */; };
		815951C917686C9E001D1556 /* MainStoryboard.storyboard in Resources */ = {isa = PBXBuildFile; fileRef = 815951C717686C9E001D1556 /* MainStoryboard.storyboard */; };
		815951CC17686C9E001D1556 /* TCMasterViewController.m in Sources */ = {isa = PBXBuildFile; fileRef = 815951CB17686C9E001D1556 /* TCMasterViewController.m */; };
		815951D9176874A3001D1556 /* SystemConfiguration.framework in Frameworks */ = {isa = PBXBuildFile; fileRef = 815951D8176874A3001D1556 /* SystemConfiguration.framework */; };
		815951DB176874AA001D1556 /* MobileCoreServices.framework in Frameworks */ = {isa = PBXBuildFile; fileRef = 815951DA176874AA001D1556 /* MobileCoreServices.framework */; };
		815951DE17687574001D1556 /* TCFreebaseClient.m in Sources */ = {isa = PBXBuildFile; fileRef = 815951DD17687574001D1556 /* TCFreebaseClient.m */; };
		BC8F4081AEAB474FAF1A4C66 /* libPods.a in Frameworks */ = {isa = PBXBuildFile; fileRef = 553C1255B70C4220A0479BEB /* libPods.a */; };
/* End PBXBuildFile section */

/* Begin PBXFileReference section */
		16F72FFE9813463092AAA05B /* Pods.xcconfig */ = {isa = PBXFileReference; includeInIndex = 1; lastKnownFileType = text.xcconfig; name = Pods.xcconfig; path = Pods/Pods.xcconfig; sourceTree = SOURCE_ROOT; };
		553C1255B70C4220A0479BEB /* libPods.a */ = {isa = PBXFileReference; explicitFileType = archive.ar; includeInIndex = 0; path = libPods.a; sourceTree = BUILT_PRODUCTS_DIR; };
		7226736B1999449F0024DC38 /* Alamofire.swift */ = {isa = PBXFileReference; fileEncoding = 4; lastKnownFileType = sourcecode.swift; path = Alamofire.swift; sourceTree = "<group>"; };
		722BCC4F19998591002990E1 /* Images.xcassets */ = {isa = PBXFileReference; lastKnownFileType = folder.assetcatalog; path = Images.xcassets; sourceTree = "<group>"; };
		72461086199AFEC200E47F71 /* Playlist.swift */ = {isa = PBXFileReference; fileEncoding = 4; lastKnownFileType = sourcecode.swift; path = Playlist.swift; sourceTree = "<group>"; };
		726EA861199ACFEB00B5AE70 /* Play.swift */ = {isa = PBXFileReference; fileEncoding = 4; lastKnownFileType = sourcecode.swift; path = Play.swift; sourceTree = "<group>"; };
		727457CC199BC43300058D1F /* menu@2x.png */ = {isa = PBXFileReference; lastKnownFileType = image.png; path = "menu@2x.png"; sourceTree = "<group>"; };
		727457CD199BC43300058D1F /* menu.png */ = {isa = PBXFileReference; lastKnownFileType = image.png; path = menu.png; sourceTree = "<group>"; };
		727457D0199BC61F00058D1F /* Play@2x.png */ = {isa = PBXFileReference; lastKnownFileType = image.png; path = "Play@2x.png"; sourceTree = "<group>"; };
		727457D1199BC61F00058D1F /* Play.png */ = {isa = PBXFileReference; lastKnownFileType = image.png; path = Play.png; sourceTree = "<group>"; };
		72F3589719992EDD00FCDE26 /* TCKnowledgeGraph-Bridging-Header.h */ = {isa = PBXFileReference; lastKnownFileType = sourcecode.c.h; path = "TCKnowledgeGraph-Bridging-Header.h"; sourceTree = "<group>"; };
		72F3AE6319996E12009FF728 /* Home.swift */ = {isa = PBXFileReference; fileEncoding = 4; lastKnownFileType = sourcecode.swift; path = Home.swift; sourceTree = "<group>"; };
		810A92AE17730AD800F55DFD /* OpenSans-Light.ttf */ = {isa = PBXFileReference; lastKnownFileType = file; path = "OpenSans-Light.ttf"; sourceTree = "<group>"; };
		810A92AF17730AD800F55DFD /* OpenSans-Regular.ttf */ = {isa = PBXFileReference; lastKnownFileType = file; path = "OpenSans-Regular.ttf"; sourceTree = "<group>"; };
		8118B0B81769C50100ACE923 /* Topic_Template.html */ = {isa = PBXFileReference; fileEncoding = 4; lastKnownFileType = text.html; name = Topic_Template.html; path = HTML/Topic_Template.html; sourceTree = "<group>"; };
		812F06FE177846A700111FAB /* Disclosure-Indicator@2x.png */ = {isa = PBXFileReference; lastKnownFileType = image.png; path = "Disclosure-Indicator@2x.png"; sourceTree = "<group>"; };
		812F07001778526200111FAB /* Disclosure-Indicator-Highlighted@2x.png */ = {isa = PBXFileReference; lastKnownFileType = image.png; path = "Disclosure-Indicator-Highlighted@2x.png"; sourceTree = "<group>"; };
		812F070217785F2A00111FAB /* TCSearchSuggestionCell.h */ = {isa = PBXFileReference; fileEncoding = 4; lastKnownFileType = sourcecode.c.h; path = TCSearchSuggestionCell.h; sourceTree = "<group>"; };
		812F070317785F2A00111FAB /* TCSearchSuggestionCell.m */ = {isa = PBXFileReference; fileEncoding = 4; lastKnownFileType = sourcecode.c.objc; path = TCSearchSuggestionCell.m; sourceTree = "<group>"; };
		812F0708177862A900111FAB /* Disclosure-Indicator-Highlighted.png */ = {isa = PBXFileReference; lastKnownFileType = image.png; path = "Disclosure-Indicator-Highlighted.png"; sourceTree = "<group>"; };
		812F0709177862A900111FAB /* Disclosure-Indicator.png */ = {isa = PBXFileReference; lastKnownFileType = image.png; path = "Disclosure-Indicator.png"; sourceTree = "<group>"; };
		81354D6E17718FEF001D8BC1 /* TCFreebaseSearch.h */ = {isa = PBXFileReference; fileEncoding = 4; lastKnownFileType = sourcecode.c.h; path = TCFreebaseSearch.h; sourceTree = "<group>"; };
		81354D6F17718FEF001D8BC1 /* TCFreebaseSearch.m */ = {isa = PBXFileReference; fileEncoding = 4; lastKnownFileType = sourcecode.c.objc; path = TCFreebaseSearch.m; sourceTree = "<group>"; };
		813BE3441776D94800F6A177 /* SearchFieldBackground.png */ = {isa = PBXFileReference; lastKnownFileType = image.png; path = SearchFieldBackground.png; sourceTree = "<group>"; };
		815951AC17686C9E001D1556 /* Wevo.app */ = {isa = PBXFileReference; explicitFileType = wrapper.application; includeInIndex = 0; path = Wevo.app; sourceTree = BUILT_PRODUCTS_DIR; };
		815951AF17686C9E001D1556 /* UIKit.framework */ = {isa = PBXFileReference; lastKnownFileType = wrapper.framework; name = UIKit.framework; path = System/Library/Frameworks/UIKit.framework; sourceTree = SDKROOT; };
		815951B117686C9E001D1556 /* Foundation.framework */ = {isa = PBXFileReference; lastKnownFileType = wrapper.framework; name = Foundation.framework; path = System/Library/Frameworks/Foundation.framework; sourceTree = SDKROOT; };
		815951B317686C9E001D1556 /* CoreGraphics.framework */ = {isa = PBXFileReference; lastKnownFileType = wrapper.framework; name = CoreGraphics.framework; path = System/Library/Frameworks/CoreGraphics.framework; sourceTree = SDKROOT; };
		815951B717686C9E001D1556 /* Wevo-Info.plist */ = {isa = PBXFileReference; lastKnownFileType = text.plist.xml; path = "Wevo-Info.plist"; sourceTree = "<group>"; };
		815951B917686C9E001D1556 /* en */ = {isa = PBXFileReference; lastKnownFileType = text.plist.strings; name = en; path = en.lproj/InfoPlist.strings; sourceTree = "<group>"; };
		815951BB17686C9E001D1556 /* main.m */ = {isa = PBXFileReference; lastKnownFileType = sourcecode.c.objc; path = main.m; sourceTree = "<group>"; };
		815951BD17686C9E001D1556 /* Wevo-Prefix.pch */ = {isa = PBXFileReference; lastKnownFileType = sourcecode.c.h; path = "Wevo-Prefix.pch"; sourceTree = "<group>"; };
		815951BE17686C9E001D1556 /* TCAppDelegate.h */ = {isa = PBXFileReference; lastKnownFileType = sourcecode.c.h; path = TCAppDelegate.h; sourceTree = "<group>"; };
		815951BF17686C9E001D1556 /* TCAppDelegate.m */ = {isa = PBXFileReference; lastKnownFileType = sourcecode.c.objc; path = TCAppDelegate.m; sourceTree = "<group>"; };
		815951C817686C9E001D1556 /* en */ = {isa = PBXFileReference; lastKnownFileType = file.storyboard; name = en; path = en.lproj/MainStoryboard.storyboard; sourceTree = "<group>"; };
		815951CA17686C9E001D1556 /* TCMasterViewController.h */ = {isa = PBXFileReference; lastKnownFileType = sourcecode.c.h; path = TCMasterViewController.h; sourceTree = "<group>"; };
		815951CB17686C9E001D1556 /* TCMasterViewController.m */ = {isa = PBXFileReference; lastKnownFileType = sourcecode.c.objc; path = TCMasterViewController.m; sourceTree = "<group>"; };
		815951D8176874A3001D1556 /* SystemConfiguration.framework */ = {isa = PBXFileReference; lastKnownFileType = wrapper.framework; name = SystemConfiguration.framework; path = System/Library/Frameworks/SystemConfiguration.framework; sourceTree = SDKROOT; };
		815951DA176874AA001D1556 /* MobileCoreServices.framework */ = {isa = PBXFileReference; lastKnownFileType = wrapper.framework; name = MobileCoreServices.framework; path = System/Library/Frameworks/MobileCoreServices.framework; sourceTree = SDKROOT; };
		815951DC17687574001D1556 /* TCFreebaseClient.h */ = {isa = PBXFileReference; fileEncoding = 4; lastKnownFileType = sourcecode.c.h; path = TCFreebaseClient.h; sourceTree = "<group>"; };
		815951DD17687574001D1556 /* TCFreebaseClient.m */ = {isa = PBXFileReference; fileEncoding = 4; lastKnownFileType = sourcecode.c.objc; path = TCFreebaseClient.m; sourceTree = "<group>"; };
/* End PBXFileReference section */

/* Begin PBXFrameworksBuildPhase section */
		815951A917686C9E001D1556 /* Frameworks */ = {
			isa = PBXFrameworksBuildPhase;
			buildActionMask = 2147483647;
			files = (
				815951DB176874AA001D1556 /* MobileCoreServices.framework in Frameworks */,
				815951D9176874A3001D1556 /* SystemConfiguration.framework in Frameworks */,
				815951B017686C9E001D1556 /* UIKit.framework in Frameworks */,
				815951B217686C9E001D1556 /* Foundation.framework in Frameworks */,
				815951B417686C9E001D1556 /* CoreGraphics.framework in Frameworks */,
				BC8F4081AEAB474FAF1A4C66 /* libPods.a in Frameworks */,
			);
			runOnlyForDeploymentPostprocessing = 0;
		};
/* End PBXFrameworksBuildPhase section */

/* Begin PBXGroup section */
		72F3589619992EA400FCDE26 /* Wevo */ = {
			isa = PBXGroup;
			children = (
				7226736B1999449F0024DC38 /* Alamofire.swift */,
				72F3AE6319996E12009FF728 /* Home.swift */,
				72F3589719992EDD00FCDE26 /* TCKnowledgeGraph-Bridging-Header.h */,
				722BCC4F19998591002990E1 /* Images.xcassets */,
				726EA861199ACFEB00B5AE70 /* Play.swift */,
				72461086199AFEC200E47F71 /* Playlist.swift */,
			);
			name = Wevo;
			sourceTree = "<group>";
		};
		810A92A91772AF8400F55DFD /* Services */ = {
			isa = PBXGroup;
			children = (
				815951DC17687574001D1556 /* TCFreebaseClient.h */,
				815951DD17687574001D1556 /* TCFreebaseClient.m */,
			);
			name = Services;
			sourceTree = "<group>";
		};
		810A92AD17730AD800F55DFD /* Fonts */ = {
			isa = PBXGroup;
			children = (
				810A92AE17730AD800F55DFD /* OpenSans-Light.ttf */,
				810A92AF17730AD800F55DFD /* OpenSans-Regular.ttf */,
			);
			path = Fonts;
			sourceTree = "<group>";
		};
		81466F551775B19800CEEE3F /* Images */ = {
			isa = PBXGroup;
			children = (
				727457D0199BC61F00058D1F /* Play@2x.png */,
				727457D1199BC61F00058D1F /* Play.png */,
				727457CC199BC43300058D1F /* menu@2x.png */,
				727457CD199BC43300058D1F /* menu.png */,
				812F0708177862A900111FAB /* Disclosure-Indicator-Highlighted.png */,
				812F0709177862A900111FAB /* Disclosure-Indicator.png */,
				812F07001778526200111FAB /* Disclosure-Indicator-Highlighted@2x.png */,
				812F06FE177846A700111FAB /* Disclosure-Indicator@2x.png */,
				813BE3441776D94800F6A177 /* SearchFieldBackground.png */,
			);
			path = Images;
			sourceTree = "<group>";
		};
		815951A317686C9E001D1556 = {
			isa = PBXGroup;
			children = (
				72F3589619992EA400FCDE26 /* Wevo */,
				815951B517686C9E001D1556 /* TCKnowledgeGraph */,
				815951AE17686C9E001D1556 /* Frameworks */,
				815951AD17686C9E001D1556 /* Products */,
				16F72FFE9813463092AAA05B /* Pods.xcconfig */,
			);
			sourceTree = "<group>";
		};
		815951AD17686C9E001D1556 /* Products */ = {
			isa = PBXGroup;
			children = (
				815951AC17686C9E001D1556 /* Wevo.app */,
			);
			name = Products;
			sourceTree = "<group>";
		};
		815951AE17686C9E001D1556 /* Frameworks */ = {
			isa = PBXGroup;
			children = (
				815951DA176874AA001D1556 /* MobileCoreServices.framework */,
				815951D8176874A3001D1556 /* SystemConfiguration.framework */,
				815951AF17686C9E001D1556 /* UIKit.framework */,
				815951B117686C9E001D1556 /* Foundation.framework */,
				815951B317686C9E001D1556 /* CoreGraphics.framework */,
				553C1255B70C4220A0479BEB /* libPods.a */,
			);
			name = Frameworks;
			sourceTree = "<group>";
		};
		815951B517686C9E001D1556 /* TCKnowledgeGraph */ = {
			isa = PBXGroup;
			children = (
				815951BE17686C9E001D1556 /* TCAppDelegate.h */,
				815951BF17686C9E001D1556 /* TCAppDelegate.m */,
				810A92A91772AF8400F55DFD /* Services */,
				815951D717686D98001D1556 /* Models */,
				815951D617686CEC001D1556 /* Controllers */,
				815951D517686CDD001D1556 /* Views */,
				815951B617686C9E001D1556 /* Supporting Files */,
			);
			path = TCKnowledgeGraph;
			sourceTree = "<group>";
		};
		815951B617686C9E001D1556 /* Supporting Files */ = {
			isa = PBXGroup;
			children = (
				81466F551775B19800CEEE3F /* Images */,
				810A92AD17730AD800F55DFD /* Fonts */,
				815951B717686C9E001D1556 /* Wevo-Info.plist */,
				815951B817686C9E001D1556 /* InfoPlist.strings */,
				815951BB17686C9E001D1556 /* main.m */,
				815951BD17686C9E001D1556 /* Wevo-Prefix.pch */,
			);
			name = "Supporting Files";
			sourceTree = "<group>";
		};
		815951D517686CDD001D1556 /* Views */ = {
			isa = PBXGroup;
			children = (
				815951C717686C9E001D1556 /* MainStoryboard.storyboard */,
				8118B0B81769C50100ACE923 /* Topic_Template.html */,
				812F070217785F2A00111FAB /* TCSearchSuggestionCell.h */,
				812F070317785F2A00111FAB /* TCSearchSuggestionCell.m */,
			);
			name = Views;
			sourceTree = "<group>";
		};
		815951D617686CEC001D1556 /* Controllers */ = {
			isa = PBXGroup;
			children = (
				815951CA17686C9E001D1556 /* TCMasterViewController.h */,
				815951CB17686C9E001D1556 /* TCMasterViewController.m */,
			);
			name = Controllers;
			sourceTree = "<group>";
		};
		815951D717686D98001D1556 /* Models */ = {
			isa = PBXGroup;
			children = (
				81354D6E17718FEF001D8BC1 /* TCFreebaseSearch.h */,
				81354D6F17718FEF001D8BC1 /* TCFreebaseSearch.m */,
			);
			name = Models;
			sourceTree = "<group>";
		};
/* End PBXGroup section */

/* Begin PBXNativeTarget section */
		815951AB17686C9E001D1556 /* Wevo */ = {
			isa = PBXNativeTarget;
			buildConfigurationList = 815951D217686C9E001D1556 /* Build configuration list for PBXNativeTarget "Wevo" */;
			buildPhases = (
				9A473DAA66EB44E087EA183F /* Check Pods Manifest.lock */,
				815951A817686C9E001D1556 /* Sources */,
				815951A917686C9E001D1556 /* Frameworks */,
				815951AA17686C9E001D1556 /* Resources */,
				77D1FD18C13340E091379BE5 /* Copy Pods Resources */,
			);
			buildRules = (
			);
			dependencies = (
			);
			name = Wevo;
			productName = TCKnowledgeGraph;
			productReference = 815951AC17686C9E001D1556 /* Wevo.app */;
			productType = "com.apple.product-type.application";
		};
/* End PBXNativeTarget section */

/* Begin PBXProject section */
		815951A417686C9E001D1556 /* Project object */ = {
			isa = PBXProject;
			attributes = {
				CLASSPREFIX = TC;
				LastUpgradeCheck = 0460;
				ORGANIZATIONNAME = "Lee Tze Cheun";
				TargetAttributes = {
					815951AB17686C9E001D1556 = {
						DevelopmentTeam = D569H5C3WV;
					};
				};
			};
			buildConfigurationList = 815951A717686C9E001D1556 /* Build configuration list for PBXProject "Wevo" */;
			compatibilityVersion = "Xcode 3.2";
			developmentRegion = English;
			hasScannedForEncodings = 0;
			knownRegions = (
				en,
			);
			mainGroup = 815951A317686C9E001D1556;
			productRefGroup = 815951AD17686C9E001D1556 /* Products */;
			projectDirPath = "";
			projectRoot = "";
			targets = (
				815951AB17686C9E001D1556 /* Wevo */,
			);
		};
/* End PBXProject section */

/* Begin PBXResourcesBuildPhase section */
		815951AA17686C9E001D1556 /* Resources */ = {
			isa = PBXResourcesBuildPhase;
			buildActionMask = 2147483647;
			files = (
				815951BA17686C9E001D1556 /* InfoPlist.strings in Resources */,
				727457CE199BC43300058D1F /* menu@2x.png in Resources */,
				727457D2199BC62000058D1F /* Play@2x.png in Resources */,
				815951C917686C9E001D1556 /* MainStoryboard.storyboard in Resources */,
				727457CF199BC43300058D1F /* menu.png in Resources */,
				8118B0B91769C50100ACE923 /* Topic_Template.html in Resources */,
				810A92B017730AD800F55DFD /* OpenSans-Light.ttf in Resources */,
				810A92B117730AD800F55DFD /* OpenSans-Regular.ttf in Resources */,
				813BE3451776D94800F6A177 /* SearchFieldBackground.png in Resources */,
				722BCC5019998591002990E1 /* Images.xcassets in Resources */,
				812F06FF177846A700111FAB /* Disclosure-Indicator@2x.png in Resources */,
				812F07011778526200111FAB /* Disclosure-Indicator-Highlighted@2x.png in Resources */,
				727457D3199BC62000058D1F /* Play.png in Resources */,
				812F070A177862A900111FAB /* Disclosure-Indicator-Highlighted.png in Resources */,
				812F070B177862A900111FAB /* Disclosure-Indicator.png in Resources */,
			);
			runOnlyForDeploymentPostprocessing = 0;
		};
/* End PBXResourcesBuildPhase section */

/* Begin PBXShellScriptBuildPhase section */
		77D1FD18C13340E091379BE5 /* Copy Pods Resources */ = {
			isa = PBXShellScriptBuildPhase;
			buildActionMask = 2147483647;
			files = (
			);
			inputPaths = (
			);
			name = "Copy Pods Resources";
			outputPaths = (
			);
			runOnlyForDeploymentPostprocessing = 0;
			shellPath = /bin/sh;
			shellScript = "\"${SRCROOT}/Pods/Pods-resources.sh\"\n";
		};
		9A473DAA66EB44E087EA183F /* Check Pods Manifest.lock */ = {
			isa = PBXShellScriptBuildPhase;
			buildActionMask = 2147483647;
			files = (
			);
			inputPaths = (
			);
			name = "Check Pods Manifest.lock";
			outputPaths = (
			);
			runOnlyForDeploymentPostprocessing = 0;
			shellPath = /bin/sh;
			shellScript = "diff \"${PODS_ROOT}/../Podfile.lock\" \"${PODS_ROOT}/Manifest.lock\" > /dev/null\nif [[ $? != 0 ]] ; then\n    cat << EOM\nerror: The sandbox is not in sync with the Podfile.lock. Run 'pod install' or update your CocoaPods installation.\nEOM\n    exit 1\nfi\n";
		};
/* End PBXShellScriptBuildPhase section */

/* Begin PBXSourcesBuildPhase section */
		815951A817686C9E001D1556 /* Sources */ = {
			isa = PBXSourcesBuildPhase;
			buildActionMask = 2147483647;
			files = (
				815951BC17686C9E001D1556 /* main.m in Sources */,
				72461087199AFEC200E47F71 /* Playlist.swift in Sources */,
				815951C017686C9E001D1556 /* TCAppDelegate.m in Sources */,
				815951CC17686C9E001D1556 /* TCMasterViewController.m in Sources */,
				72F3AE6419996E12009FF728 /* Home.swift in Sources */,
				815951DE17687574001D1556 /* TCFreebaseClient.m in Sources */,
				81354D7017718FEF001D8BC1 /* TCFreebaseSearch.m in Sources */,
				726EA862199ACFEB00B5AE70 /* Play.swift in Sources */,
				7226736C1999449F0024DC38 /* Alamofire.swift in Sources */,
				812F070417785F2A00111FAB /* TCSearchSuggestionCell.m in Sources */,
			);
			runOnlyForDeploymentPostprocessing = 0;
		};
/* End PBXSourcesBuildPhase section */

/* Begin PBXVariantGroup section */
		815951B817686C9E001D1556 /* InfoPlist.strings */ = {
			isa = PBXVariantGroup;
			children = (
				815951B917686C9E001D1556 /* en */,
			);
			name = InfoPlist.strings;
			sourceTree = "<group>";
		};
		815951C717686C9E001D1556 /* MainStoryboard.storyboard */ = {
			isa = PBXVariantGroup;
			children = (
				815951C817686C9E001D1556 /* en */,
			);
			name = MainStoryboard.storyboard;
			sourceTree = "<group>";
		};
/* End PBXVariantGroup section */

/* Begin XCBuildConfiguration section */
		815951D017686C9E001D1556 /* Debug */ = {
			isa = XCBuildConfiguration;
			buildSettings = {
				ALWAYS_SEARCH_USER_PATHS = NO;
				CLANG_CXX_LANGUAGE_STANDARD = "gnu++0x";
				CLANG_CXX_LIBRARY = "libc++";
				CLANG_ENABLE_OBJC_ARC = YES;
				CLANG_WARN_CONSTANT_CONVERSION = YES;
				CLANG_WARN_EMPTY_BODY = YES;
				CLANG_WARN_ENUM_CONVERSION = YES;
				CLANG_WARN_INT_CONVERSION = YES;
				CLANG_WARN__DUPLICATE_METHOD_MATCH = YES;
				"CODE_SIGN_IDENTITY[sdk=iphoneos*]" = "iPhone Developer";
				COPY_PHASE_STRIP = NO;
				GCC_C_LANGUAGE_STANDARD = gnu99;
				GCC_DYNAMIC_NO_PIC = NO;
				GCC_OPTIMIZATION_LEVEL = 0;
				GCC_PREPROCESSOR_DEFINITIONS = (
					"DEBUG=1",
					"$(inherited)",
				);
				GCC_SYMBOLS_PRIVATE_EXTERN = NO;
				GCC_WARN_ABOUT_RETURN_TYPE = YES;
				GCC_WARN_UNINITIALIZED_AUTOS = YES;
				GCC_WARN_UNUSED_VARIABLE = YES;
				IPHONEOS_DEPLOYMENT_TARGET = 6.1;
				ONLY_ACTIVE_ARCH = YES;
				SDKROOT = iphoneos;
			};
			name = Debug;
		};
		815951D117686C9E001D1556 /* Release */ = {
			isa = XCBuildConfiguration;
			buildSettings = {
				ALWAYS_SEARCH_USER_PATHS = NO;
				CLANG_CXX_LANGUAGE_STANDARD = "gnu++0x";
				CLANG_CXX_LIBRARY = "libc++";
				CLANG_ENABLE_OBJC_ARC = YES;
				CLANG_WARN_CONSTANT_CONVERSION = YES;
				CLANG_WARN_EMPTY_BODY = YES;
				CLANG_WARN_ENUM_CONVERSION = YES;
				CLANG_WARN_INT_CONVERSION = YES;
				CLANG_WARN__DUPLICATE_METHOD_MATCH = YES;
				"CODE_SIGN_IDENTITY[sdk=iphoneos*]" = "iPhone Developer";
				COPY_PHASE_STRIP = YES;
				GCC_C_LANGUAGE_STANDARD = gnu99;
				GCC_WARN_ABOUT_RETURN_TYPE = YES;
				GCC_WARN_UNINITIALIZED_AUTOS = YES;
				GCC_WARN_UNUSED_VARIABLE = YES;
				IPHONEOS_DEPLOYMENT_TARGET = 6.1;
				OTHER_CFLAGS = "-DNS_BLOCK_ASSERTIONS=1";
				SDKROOT = iphoneos;
				VALIDATE_PRODUCT = YES;
			};
			name = Release;
		};
		815951D317686C9E001D1556 /* Debug */ = {
			isa = XCBuildConfiguration;
			baseConfigurationReference = 16F72FFE9813463092AAA05B /* Pods.xcconfig */;
			buildSettings = {
				ASSETCATALOG_COMPILER_APPICON_NAME = AppIcon;
				ASSETCATALOG_COMPILER_LAUNCHIMAGE_NAME = LaunchImage;
				CLANG_ENABLE_MODULES = YES;
				CODE_SIGN_IDENTITY = "iPhone Developer";
				"CODE_SIGN_IDENTITY[sdk=iphoneos*]" = "iPhone Developer";
				GCC_PRECOMPILE_PREFIX_HEADER = YES;
				GCC_PREFIX_HEADER = "TCKnowledgeGraph/Wevo-Prefix.pch";
				INFOPLIST_FILE = "TCKnowledgeGraph/Wevo-Info.plist";
				IPHONEOS_DEPLOYMENT_TARGET = 7.0;
				LD_RUNPATH_SEARCH_PATHS = "$(inherited) @executable_path/Frameworks";
				PRODUCT_NAME = Wevo;
				PROVISIONING_PROFILE = "";
				SWIFT_OBJC_BRIDGING_HEADER = "TCKnowledgeGraph-Bridging-Header.h";
				SWIFT_OPTIMIZATION_LEVEL = "-Onone";
				WRAPPER_EXTENSION = app;
			};
			name = Debug;
		};
		815951D417686C9E001D1556 /* Release */ = {
			isa = XCBuildConfiguration;
			baseConfigurationReference = 16F72FFE9813463092AAA05B /* Pods.xcconfig */;
			buildSettings = {
				ASSETCATALOG_COMPILER_APPICON_NAME = AppIcon;
				ASSETCATALOG_COMPILER_LAUNCHIMAGE_NAME = LaunchImage;
				CLANG_ENABLE_MODULES = YES;
				CODE_SIGN_IDENTITY = "iPhone Developer";
				"CODE_SIGN_IDENTITY[sdk=iphoneos*]" = "iPhone Developer";
				GCC_PRECOMPILE_PREFIX_HEADER = YES;
				GCC_PREFIX_HEADER = "TCKnowledgeGraph/Wevo-Prefix.pch";
				INFOPLIST_FILE = "TCKnowledgeGraph/Wevo-Info.plist";
				IPHONEOS_DEPLOYMENT_TARGET = 7.0;
				LD_RUNPATH_SEARCH_PATHS = "$(inherited) @executable_path/Frameworks";
				PRODUCT_NAME = Wevo;
				PROVISIONING_PROFILE = "";
				SWIFT_OBJC_BRIDGING_HEADER = "TCKnowledgeGraph-Bridging-Header.h";
				WRAPPER_EXTENSION = app;
			};
			name = Release;
		};
/* End XCBuildConfiguration section */

/* Begin XCConfigurationList section */
		815951A717686C9E001D1556 /* Build configuration list for PBXProject "Wevo" */ = {
			isa = XCConfigurationList;
			buildConfigurations = (
				815951D017686C9E001D1556 /* Debug */,
				815951D117686C9E001D1556 /* Release */,
			);
			defaultConfigurationIsVisible = 0;
			defaultConfigurationName = Release;
		};
		815951D217686C9E001D1556 /* Build configuration list for PBXNativeTarget "Wevo" */ = {
			isa = XCConfigurationList;
			buildConfigurations = (
				815951D317686C9E001D1556 /* Debug */,
				815951D417686C9E001D1556 /* Release */,
			);
			defaultConfigurationIsVisible = 0;
			defaultConfigurationName = Release;
		};
/* End XCConfigurationList section */
	};
	rootObject = 815951A417686C9E001D1556 /* Project object */;
}
